
Microsoft Visual Studio Solution File, Format Version 12.00
# Visual Studio 15
VisualStudioVersion = 15.0.28307.271
MinimumVisualStudioVersion = 10.0.40219.1
Project("{FAE04EC0-301F-11D3-BF4B-00C04F79EFBC}") = "ContactManager.UI", "ContactManager.UI\ContactManager.UI.csproj", "{D5E89152-DDED-4583-A9F4-715FE712246D}"
EndProject
Project("{FAE04EC0-301F-11D3-BF4B-00C04F79EFBC}") = "ContactManager", "ContactManager\ContactManager.csproj", "{303773E4-6B85-4702-B81C-7404B27836B5}"
EndProject
Global
	GlobalSection(SolutionConfigurationPlatforms) = preSolution
		Debug|Any CPU = Debug|Any CPU
		Release|Any CPU = Release|Any CPU
	EndGlobalSection
	GlobalSection(ProjectConfigurationPlatforms) = postSolution
		{D5E89152-DDED-4583-A9F4-715FE712246D}.Debug|Any CPU.ActiveCfg = Debug|Any CPU
		{D5E89152-DDED-4583-A9F4-715FE712246D}.Debug|Any CPU.Build.0 = Debug|Any CPU
		{D5E89152-DDED-4583-A9F4-715FE712246D}.Release|Any CPU.ActiveCfg = Release|Any CPU
		{D5E89152-DDED-4583-A9F4-715FE712246D}.Release|Any CPU.Build.0 = Release|Any CPU
		{303773E4-6B85-4702-B81C-7404B27836B5}.Debug|Any CPU.ActiveCfg = Debug|Any CPU
		{303773E4-6B85-4702-B81C-7404B27836B5}.Debug|Any CPU.Build.0 = Debug|Any CPU
		{303773E4-6B85-4702-B81C-7404B27836B5}.Release|Any CPU.ActiveCfg = Release|Any CPU
		{303773E4-6B85-4702-B81C-7404B27836B5}.Release|Any CPU.Build.0 = Release|Any CPU
	EndGlobalSection
	GlobalSection(SolutionProperties) = preSolution
		HideSolutionNode = FALSE
	EndGlobalSection
	GlobalSection(ExtensibilityGlobals) = postSolution
		SolutionGuid = {468AEAA6-75A2-4D7C-8BF4-4A4226DAE1A7}
	EndGlobalSection
EndGlobal
